
Microsoft Visual Studio Solution File, Format Version 12.00
# Visual Studio Version 16
VisualStudioVersion = 16.0.29613.14
MinimumVisualStudioVersion = 10.0.40219.1
Project("{FAE04EC0-301F-11D3-BF4B-00C04F79EFBC}") = "projectEndOfSimester", "projectEndOfSimester\projectEndOfSimester.csproj", "{5F921A53-F400-43F3-8AA3-5F34A73693DB}"
EndProject
Global
	GlobalSection(SolutionConfigurationPlatforms) = preSolution
		Debug|Any CPU = Debug|Any CPU
		Release|Any CPU = Release|Any CPU
	EndGlobalSection
	GlobalSection(ProjectConfigurationPlatforms) = postSolution
		{5F921A53-F400-43F3-8AA3-5F34A73693DB}.Debug|Any CPU.ActiveCfg = Debug|Any CPU
		{5F921A53-F400-43F3-8AA3-5F34A73693DB}.Debug|Any CPU.Build.0 = Debug|Any CPU
		{5F921A53-F400-43F3-8AA3-5F34A73693DB}.Release|Any CPU.ActiveCfg = Release|Any CPU
		{5F921A53-F400-43F3-8AA3-5F34A73693DB}.Release|Any CPU.Build.0 = Release|Any CPU
	EndGlobalSection
	GlobalSection(SolutionProperties) = preSolution
		HideSolutionNode = FALSE
	EndGlobalSection
	GlobalSection(ExtensibilityGlobals) = postSolution
		SolutionGuid = {B851FF63-E642-46CC-8CFB-9904227F79A1}
	EndGlobalSection
EndGlobal
